// !$*UTF8*$!
{
	archiveVersion = 1;
	classes = {
	};
	objectVersion = 46;
	objects = {

/* Begin PBXBuildFile section */
		BCF0B54B1C02EAEC00AF4D54 /* main.m in Sources */ = {isa = PBXBuildFile; fileRef = BCF0B54A1C02EAEC00AF4D54 /* main.m */; };
		BCF0B54E1C02EAEC00AF4D54 /* AppDelegate.m in Sources */ = {isa = PBXBuildFile; fileRef = BCF0B54D1C02EAEC00AF4D54 /* AppDelegate.m */; };
		BCF0B5511C02EAEC00AF4D54 /* ViewController.m in Sources */ = {isa = PBXBuildFile; fileRef = BCF0B5501C02EAEC00AF4D54 /* ViewController.m */; };
		BCF0B5541C02EAEC00AF4D54 /* Main.storyboard in Resources */ = {isa = PBXBuildFile; fileRef = BCF0B5521C02EAEC00AF4D54 /* Main.storyboard */; };
		BCF0B5561C02EAEC00AF4D54 /* Images.xcassets in Resources */ = {isa = PBXBuildFile; fileRef = BCF0B5551C02EAEC00AF4D54 /* Images.xcassets */; };
		BCF0B5591C02EAEC00AF4D54 /* LaunchScreen.xib in Resources */ = {isa = PBXBuildFile; fileRef = BCF0B5571C02EAEC00AF4D54 /* LaunchScreen.xib */; };
		BCF0B5651C02EAEC00AF4D54 /* oooTests.m in Sources */ = {isa = PBXBuildFile; fileRef = BCF0B5641C02EAEC00AF4D54 /* oooTests.m */; };
/* End PBXBuildFile section */

/* Begin PBXContainerItemProxy section */
		BCF0B55F1C02EAEC00AF4D54 /* PBXContainerItemProxy */ = {
			isa = PBXContainerItemProxy;
			containerPortal = BCF0B53D1C02EAEA00AF4D54 /* Project object */;
			proxyType = 1;
			remoteGlobalIDString = BCF0B5441C02EAEB00AF4D54;
			remoteInfo = ooo;
		};
/* End PBXContainerItemProxy section */

/* Begin PBXFileReference section */
		BCF0B5451C02EAEB00AF4D54 /* ooo.app */ = {isa = PBXFileReference; explicitFileType = wrapper.application; includeInIndex = 0; path = ooo.app; sourceTree = BUILT_PRODUCTS_DIR; };
		BCF0B5491C02EAEC00AF4D54 /* Info.plist */ = {isa = PBXFileReference; lastKnownFileType = text.plist.xml; path = Info.plist; sourceTree = "<group>"; };
		BCF0B54A1C02EAEC00AF4D54 /* main.m */ = {isa = PBXFileReference; lastKnownFileType = sourcecode.c.objc; path = main.m; sourceTree = "<group>"; };
		BCF0B54C1C02EAEC00AF4D54 /* AppDelegate.h */ = {isa = PBXFileReference; lastKnownFileType = sourcecode.c.h; path = AppDelegate.h; sourceTree = "<group>"; };
		BCF0B54D1C02EAEC00AF4D54 /* AppDelegate.m */ = {isa = PBXFileReference; lastKnownFileType = sourcecode.c.objc; path = AppDelegate.m; sourceTree = "<group>"; };
		BCF0B54F1C02EAEC00AF4D54 /* ViewController.h */ = {isa = PBXFileReference; lastKnownFileType = sourcecode.c.h; path = ViewController.h; sourceTree = "<group>"; };
		BCF0B5501C02EAEC00AF4D54 /* ViewController.m */ = {isa = PBXFileReference; lastKnownFileType = sourcecode.c.objc; path = ViewController.m; sourceTree = "<group>"; };
		BCF0B5531C02EAEC00AF4D54 /* Base */ = {isa = PBXFileReference; lastKnownFileType = file.storyboard; name = Base; path = Base.lproj/Main.storyboard; sourceTree = "<group>"; };
		BCF0B5551C02EAEC00AF4D54 /* Images.xcassets */ = {isa = PBXFileReference; lastKnownFileType = folder.assetcatalog; path = Images.xcassets; sourceTree = "<group>"; };
		BCF0B5581C02EAEC00AF4D54 /* Base */ = {isa = PBXFileReference; lastKnownFileType = file.xib; name = Base; path = Base.lproj/LaunchScreen.xib; sourceTree = "<group>"; };
		BCF0B55E1C02EAEC00AF4D54 /* oooTests.xctest */ = {isa = PBXFileReference; explicitFileType = wrapper.cfbundle; includeInIndex = 0; path = oooTests.xctest; sourceTree = BUILT_PRODUCTS_DIR; };
		BCF0B5631C02EAEC00AF4D54 /* Info.plist */ = {isa = PBXFileReference; lastKnownFileType = text.plist.xml; path = Info.plist; sourceTree = "<group>"; };
		BCF0B5641C02EAEC00AF4D54 /* oooTests.m */ = {isa = PBXFileReference; lastKnownFileType = sourcecode.c.objc; path = oooTests.m; sourceTree = "<group>"; };
/* End PBXFileReference section */

/* Begin PBXFrameworksBuildPhase section */
		BCF0B5421C02EAEB00AF4D54 /* Frameworks */ = {
			isa = PBXFrameworksBuildPhase;
			buildActionMask = 2147483647;
			files = (
			);
			runOnlyForDeploymentPostprocessing = 0;
		};
		BCF0B55B1C02EAEC00AF4D54 /* Frameworks */ = {
			isa = PBXFrameworksBuildPhase;
			buildActionMask = 2147483647;
			files = (
			);
			runOnlyForDeploymentPostprocessing = 0;
		};
/* End PBXFrameworksBuildPhase section */

/* Begin PBXGroup section */
		BCF0B53C1C02EAEA00AF4D54 = {
			isa = PBXGroup;
			children = (
				BCF0B5471C02EAEB00AF4D54 /* ooo */,
				BCF0B5611C02EAEC00AF4D54 /* oooTests */,
				BCF0B5461C02EAEB00AF4D54 /* Products */,
			);
			sourceTree = "<group>";
		};
		BCF0B5461C02EAEB00AF4D54 /* Products */ = {
			isa = PBXGroup;
			children = (
				BCF0B5451C02EAEB00AF4D54 /* ooo.app */,
				BCF0B55E1C02EAEC00AF4D54 /* oooTests.xctest */,
			);
			name = Products;
			sourceTree = "<group>";
		};
		BCF0B5471C02EAEB00AF4D54 /* ooo */ = {
			isa = PBXGroup;
			children = (
				BCF0B54C1C02EAEC00AF4D54 /* AppDelegate.h */,
				BCF0B54D1C02EAEC00AF4D54 /* AppDelegate.m */,
				BCF0B54F1C02EAEC00AF4D54 /* ViewController.h */,
				BCF0B5501C02EAEC00AF4D54 /* ViewController.m */,
				BCF0B5521C02EAEC00AF4D54 /* Main.storyboard */,
				BCF0B5551C02EAEC00AF4D54 /* Images.xcassets */,
				BCF0B5571C02EAEC00AF4D54 /* LaunchScreen.xib */,
				BCF0B5481C02EAEB00AF4D54 /* Supporting Files */,
			);
			path = ooo;
			sourceTree = "<group>";
		};
		BCF0B5481C02EAEB00AF4D54 /* Supporting Files */ = {
			isa = PBXGroup;
			children = (
				BCF0B5491C02EAEC00AF4D54 /* Info.plist */,
				BCF0B54A1C02EAEC00AF4D54 /* main.m */,
			);
			name = "Supporting Files";
			sourceTree = "<group>";
		};
		BCF0B5611C02EAEC00AF4D54 /* oooTests */ = {
			isa = PBXGroup;
			children = (
				BCF0B5641C02EAEC00AF4D54 /* oooTests.m */,
				BCF0B5621C02EAEC00AF4D54 /* Supporting Files */,
			);
			path = oooTests;
			sourceTree = "<group>";
		};
		BCF0B5621C02EAEC00AF4D54 /* Supporting Files */ = {
			isa = PBXGroup;
			children = (
				BCF0B5631C02EAEC00AF4D54 /* Info.plist */,
			);
			name = "Supporting Files";
			sourceTree = "<group>";
		};
/* End PBXGroup section */

/* Begin PBXNativeTarget section */
		BCF0B5441C02EAEB00AF4D54 /* ooo */ = {
			isa = PBXNativeTarget;
			buildConfigurationList = BCF0B5681C02EAEC00AF4D54 /* Build configuration list for PBXNativeTarget "ooo" */;
			buildPhases = (
				BCF0B5411C02EAEB00AF4D54 /* Sources */,
				BCF0B5421C02EAEB00AF4D54 /* Frameworks */,
				BCF0B5431C02EAEB00AF4D54 /* Resources */,
			);
			buildRules = (
			);
			dependencies = (
			);
			name = ooo;
			productName = ooo;
			productReference = BCF0B5451C02EAEB00AF4D54 /* ooo.app */;
			productType = "com.apple.product-type.application";
		};
		BCF0B55D1C02EAEC00AF4D54 /* oooTests */ = {
			isa = PBXNativeTarget;
			buildConfigurationList = BCF0B56B1C02EAEC00AF4D54 /* Build configuration list for PBXNativeTarget "oooTests" */;
			buildPhases = (
				BCF0B55A1C02EAEC00AF4D54 /* Sources */,
				BCF0B55B1C02EAEC00AF4D54 /* Frameworks */,
				BCF0B55C1C02EAEC00AF4D54 /* Resources */,
			);
			buildRules = (
			);
			dependencies = (
				BCF0B5601C02EAEC00AF4D54 /* PBXTargetDependency */,
			);
			name = oooTests;
			productName = oooTests;
			productReference = BCF0B55E1C02EAEC00AF4D54 /* oooTests.xctest */;
			productType = "com.apple.product-type.bundle.unit-test";
		};
/* End PBXNativeTarget section */

/* Begin PBXProject section */
		BCF0B53D1C02EAEA00AF4D54 /* Project object */ = {
			isa = PBXProject;
			attributes = {
				LastUpgradeCheck = 0630;
				ORGANIZATIONNAME = qianfeng;
				TargetAttributes = {
					BCF0B5441C02EAEB00AF4D54 = {
						CreatedOnToolsVersion = 6.3;
					};
					BCF0B55D1C02EAEC00AF4D54 = {
						CreatedOnToolsVersion = 6.3;
						TestTargetID = BCF0B5441C02EAEB00AF4D54;
					};
				};
			};
			buildConfigurationList = BCF0B5401C02EAEA00AF4D54 /* Build configuration list for PBXProject "ooo" */;
			compatibilityVersion = "Xcode 3.2";
			developmentRegion = English;
			hasScannedForEncodings = 0;
			knownRegions = (
				en,
				Base,
			);
			mainGroup = BCF0B53C1C02EAEA00AF4D54;
			productRefGroup = BCF0B5461C02EAEB00AF4D54 /* Products */;
			projectDirPath = "";
			projectRoot = "";
			targets = (
				BCF0B5441C02EAEB00AF4D54 /* ooo */,
				BCF0B55D1C02EAEC00AF4D54 /* oooTests */,
			);
		};
/* End PBXProject section */

/* Begin PBXResourcesBuildPhase section */
		BCF0B5431C02EAEB00AF4D54 /* Resources */ = {
			isa = PBXResourcesBuildPhase;
			buildActionMask = 2147483647;
			files = (
				BCF0B5541C02EAEC00AF4D54 /* Main.storyboard in Resources */,
				BCF0B5591C02EAEC00AF4D54 /* LaunchScreen.xib in Resources */,
				BCF0B5561C02EAEC00AF4D54 /* Images.xcassets in Resources */,
			);
			runOnlyForDeploymentPostprocessing = 0;
		};
		BCF0B55C1C02EAEC00AF4D54 /* Resources */ = {
			isa = PBXResourcesBuildPhase;
			buildActionMask = 2147483647;
			files = (
			);
			runOnlyForDeploymentPostprocessing = 0;
		};
/* End PBXResourcesBuildPhase section */

/* Begin PBXSourcesBuildPhase section */
		BCF0B5411C02EAEB00AF4D54 /* Sources */ = {
			isa = PBXSourcesBuildPhase;
			buildActionMask = 2147483647;
			files = (
				BCF0B5511C02EAEC00AF4D54 /* ViewController.m in Sources */,
				BCF0B54E1C02EAEC00AF4D54 /* AppDelegate.m in Sources */,
				BCF0B54B1C02EAEC00AF4D54 /* main.m in Sources */,
			);
			runOnlyForDeploymentPostprocessing = 0;
		};
		BCF0B55A1C02EAEC00AF4D54 /* Sources */ = {
			isa = PBXSourcesBuildPhase;
			buildActionMask = 2147483647;
			files = (
				BCF0B5651C02EAEC00AF4D54 /* oooTests.m in Sources */,
			);
			runOnlyForDeploymentPostprocessing = 0;
		};
/* End PBXSourcesBuildPhase section */

/* Begin PBXTargetDependency section */
		BCF0B5601C02EAEC00AF4D54 /* PBXTargetDependency */ = {
			isa = PBXTargetDependency;
			target = BCF0B5441C02EAEB00AF4D54 /* ooo */;
			targetProxy = BCF0B55F1C02EAEC00AF4D54 /* PBXContainerItemProxy */;
		};
/* End PBXTargetDependency section */

/* Begin PBXVariantGroup section */
		BCF0B5521C02EAEC00AF4D54 /* Main.storyboard */ = {
			isa = PBXVariantGroup;
			children = (
				BCF0B5531C02EAEC00AF4D54 /* Base */,
			);
			name = Main.storyboard;
			sourceTree = "<group>";
		};
		BCF0B5571C02EAEC00AF4D54 /* LaunchScreen.xib */ = {
			isa = PBXVariantGroup;
			children = (
				BCF0B5581C02EAEC00AF4D54 /* Base */,
			);
			name = LaunchScreen.xib;
			sourceTree = "<group>";
		};
/* End PBXVariantGroup section */

/* Begin XCBuildConfiguration section */
		BCF0B5661C02EAEC00AF4D54 /* Debug */ = {
			isa = XCBuildConfiguration;
			buildSettings = {
				ALWAYS_SEARCH_USER_PATHS = NO;
				CLANG_CXX_LANGUAGE_STANDARD = "gnu++0x";
				CLANG_CXX_LIBRARY = "libc++";
				CLANG_ENABLE_MODULES = YES;
				CLANG_ENABLE_OBJC_ARC = YES;
				CLANG_WARN_BOOL_CONVERSION = YES;
				CLANG_WARN_CONSTANT_CONVERSION = YES;
				CLANG_WARN_DIRECT_OBJC_ISA_USAGE = YES_ERROR;
				CLANG_WARN_EMPTY_BODY = YES;
				CLANG_WARN_ENUM_CONVERSION = YES;
				CLANG_WARN_INT_CONVERSION = YES;
				CLANG_WARN_OBJC_ROOT_CLASS = YES_ERROR;
				CLANG_WARN_UNREACHABLE_CODE = YES;
				CLANG_WARN__DUPLICATE_METHOD_MATCH = YES;
				"CODE_SIGN_IDENTITY[sdk=iphoneos*]" = "iPhone Developer";
				COPY_PHASE_STRIP = NO;
				DEBUG_INFORMATION_FORMAT = "dwarf-with-dsym";
				ENABLE_STRICT_OBJC_MSGSEND = YES;
				GCC_C_LANGUAGE_STANDARD = gnu99;
				GCC_DYNAMIC_NO_PIC = NO;
				GCC_NO_COMMON_BLOCKS = YES;
				GCC_OPTIMIZATION_LEVEL = 0;
				GCC_PREPROCESSOR_DEFINITIONS = (
					"DEBUG=1",
					"$(inherited)",
				);
				GCC_SYMBOLS_PRIVATE_EXTERN = NO;
				GCC_WARN_64_TO_32_BIT_CONVERSION = YES;
				GCC_WARN_ABOUT_RETURN_TYPE = YES_ERROR;
				GCC_WARN_UNDECLARED_SELECTOR = YES;
				GCC_WARN_UNINITIALIZED_AUTOS = YES_AGGRESSIVE;
				GCC_WARN_UNUSED_FUNCTION = YES;
				GCC_WARN_UNUSED_VARIABLE = YES;
				IPHONEOS_DEPLOYMENT_TARGET = 8.3;
				MTL_ENABLE_DEBUG_INFO = YES;
				ONLY_ACTIVE_ARCH = YES;
				SDKROOT = iphoneos;
			};
			name = Debug;
		};
		BCF0B5671C02EAEC00AF4D54 /* Release */ = {
			isa = XCBuildConfiguration;
			buildSettings = {
				ALWAYS_SEARCH_USER_PATHS = NO;
				CLANG_CXX_LANGUAGE_STANDARD = "gnu++0x";
				CLANG_CXX_LIBRARY = "libc++";
				CLANG_ENABLE_MODULES = YES;
				CLANG_ENABLE_OBJC_ARC = YES;
				CLANG_WARN_BOOL_CONVERSION = YES;
				CLANG_WARN_CONSTANT_CONVERSION = YES;
				CLANG_WARN_DIRECT_OBJC_ISA_USAGE = YES_ERROR;
				CLANG_WARN_EMPTY_BODY = YES;
				CLANG_WARN_ENUM_CONVERSION = YES;
				CLANG_WARN_INT_CONVERSION = YES;
				CLANG_WARN_OBJC_ROOT_CLASS = YES_ERROR;
				CLANG_WARN_UNREACHABLE_CODE = YES;
				CLANG_WARN__DUPLICATE_METHOD_MATCH = YES;
				"CODE_SIGN_IDENTITY[sdk=iphoneos*]" = "iPhone Developer";
				COPY_PHASE_STRIP = NO;
				DEBUG_INFORMATION_FORMAT = "dwarf-with-dsym";
				ENABLE_NS_ASSERTIONS = NO;
				ENABLE_STRICT_OBJC_MSGSEND = YES;
				GCC_C_LANGUAGE_STANDARD = gnu99;
				GCC_NO_COMMON_BLOCKS = YES;
				GCC_WARN_64_TO_32_BIT_CONVERSION = YES;
				GCC_WARN_ABOUT_RETURN_TYPE = YES_ERROR;
				GCC_WARN_UNDECLARED_SELECTOR = YES;
				GCC_WARN_UNINITIALIZED_AUTOS = YES_AGGRESSIVE;
				GCC_WARN_UNUSED_FUNCTION = YES;
				GCC_WARN_UNUSED_VARIABLE = YES;
				IPHONEOS_DEPLOYMENT_TARGET = 8.3;
				MTL_ENABLE_DEBUG_INFO = NO;
				SDKROOT = iphoneos;
				VALIDATE_PRODUCT = YES;
			};
			name = Release;
		};
		BCF0B5691C02EAEC00AF4D54 /* Debug */ = {
			isa = XCBuildConfiguration;
			buildSettings = {
				ASSETCATALOG_COMPILER_APPICON_NAME = AppIcon;
				INFOPLIST_FILE = ooo/Info.plist;
				LD_RUNPATH_SEARCH_PATHS = "$(inherited) @executable_path/Frameworks";
				PRODUCT_NAME = "$(TARGET_NAME)";
			};
			name = Debug;
		};
		BCF0B56A1C02EAEC00AF4D54 /* Release */ = {
			isa = XCBuildConfiguration;
			buildSettings = {
				ASSETCATALOG_COMPILER_APPICON_NAME = AppIcon;
				INFOPLIST_FILE = ooo/Info.plist;
				LD_RUNPATH_SEARCH_PATHS = "$(inherited) @executable_path/Frameworks";
				PRODUCT_NAME = "$(TARGET_NAME)";
			};
			name = Release;
		};
		BCF0B56C1C02EAEC00AF4D54 /* Debug */ = {
			isa = XCBuildConfiguration;
			buildSettings = {
				BUNDLE_LOADER = "$(TEST_HOST)";
				FRAMEWORK_SEARCH_PATHS = (
					"$(SDKROOT)/Developer/Library/Frameworks",
					"$(inherited)",
				);
				GCC_PREPROCESSOR_DEFINITIONS = (
					"DEBUG=1",
					"$(inherited)",
				);
				INFOPLIST_FILE = oooTests/Info.plist;
				LD_RUNPATH_SEARCH_PATHS = "$(inherited) @executable_path/Frameworks @loader_path/Frameworks";
				PRODUCT_NAME = "$(TARGET_NAME)";
				TEST_HOST = "$(BUILT_PRODUCTS_DIR)/ooo.app/ooo";
			};
			name = Debug;
		};
		BCF0B56D1C02EAEC00AF4D54 /* Release */ = {
			isa = XCBuildConfiguration;
			buildSettings = {
				BUNDLE_LOADER = "$(TEST_HOST)";
				FRAMEWORK_SEARCH_PATHS = (
					"$(SDKROOT)/Developer/Library/Frameworks",
					"$(inherited)",
				);
				INFOPLIST_FILE = oooTests/Info.plist;
				LD_RUNPATH_SEARCH_PATHS = "$(inherited) @executable_path/Frameworks @loader_path/Frameworks";
				PRODUCT_NAME = "$(TARGET_NAME)";
				TEST_HOST = "$(BUILT_PRODUCTS_DIR)/ooo.app/ooo";
			};
			name = Release;
		};
/* End XCBuildConfiguration section */

/* Begin XCConfigurationList section */
		BCF0B5401C02EAEA00AF4D54 /* Build configuration list for PBXProject "ooo" */ = {
			isa = XCConfigurationList;
			buildConfigurations = (
				BCF0B5661C02EAEC00AF4D54 /* Debug */,
				BCF0B5671C02EAEC00AF4D54 /* Release */,
			);
			defaultConfigurationIsVisible = 0;
			defaultConfigurationName = Release;
		};
		BCF0B5681C02EAEC00AF4D54 /* Build configuration list for PBXNativeTarget "ooo" */ = {
			isa = XCConfigurationList;
			buildConfigurations = (
				BCF0B5691C02EAEC00AF4D54 /* Debug */,
				BCF0B56A1C02EAEC00AF4D54 /* Release */,
			);
			defaultConfigurationIsVisible = 0;
		};
		BCF0B56B1C02EAEC00AF4D54 /* Build configuration list for PBXNativeTarget "oooTests" */ = {
			isa = XCConfigurationList;
			buildConfigurations = (
				BCF0B56C1C02EAEC00AF4D54 /* Debug */,
				BCF0B56D1C02EAEC00AF4D54 /* Release */,
			);
			defaultConfigurationIsVisible = 0;
		};
/* End XCConfigurationList section */
	};
	rootObject = BCF0B53D1C02EAEA00AF4D54 /* Project object */;
}
